# THIS IS AN AUTOGENERATED FILE. DO NOT EDIT THIS FILE DIRECTLY.
# yarn lockfile v1


"@types/three@^0.139.0":
  version "0.139.0"
  resolved "https://registry.yarnpkg.com/@types/three/-/three-0.139.0.tgz#69af1f0c52f8eea390f513e05478af1dd7f49e6f"
  integrity sha512-4V/jZhyq7Mv05coUzxL3bz8AuBOSi/1F0RY7ujisHTV0Amy/fnYJ+s7TSJ1/hXjZukSkpuFRgV+wvWUEMbsMbQ==

three@^0.139.2:
  version "0.139.2"
  resolved "https://registry.yarnpkg.com/three/-/three-0.139.2.tgz#b110799a15736df673b9293e31653a4ac73648dd"
  integrity sha512-gV7q7QY8rogu7HLFZR9cWnOQAUedUhu2WXAnpr2kdXZP9YDKsG/0ychwQvWkZN5PlNw9mv5MoCTin6zNTXoONg==
